{
  "nodes": {
    "fenix": {
      "inputs": {
        "nixpkgs": [
          "nixpkgs"
        ],
        "rust-analyzer-src": "rust-analyzer-src"
      },
      "locked": {
        "lastModified": 1752216262,
        "narHash": "sha256-OO7SPN6DfXK8TG62AKWHUYc6D8kVNaKgAStGhDBEcBc=",
        "owner": "nix-community",
        "repo": "fenix",
        "rev": "1b96480284e9b3f76fb1f68dc2be246c8ae90e13",
        "type": "github"
      },
      "original": {
        "owner": "nix-community",
        "repo": "fenix",
        "type": "github"
      }
    },
    "nixpkgs": {
      "locked": {
        "lastModified": 1751984180,
        "narHash": "sha256-LwWRsENAZJKUdD3SpLluwDmdXY9F45ZEgCb0X+xgOL0=",
        "owner": "nixos",
        "repo": "nixpkgs",
        "rev": "9807714d6944a957c2e036f84b0ff8caf9930bc0",
        "type": "github"
      },
      "original": {
        "owner": "nixos",
        "ref": "nixos-unstable",
        "repo": "nixpkgs",
        "type": "github"
      }
    },
    "root": {
      "inputs": {
        "fenix": "fenix",
        "nixpkgs": "nixpkgs"
      }
    },
    "rust-analyzer-src": {
      "flake": false,
      "locked": {
        "lastModified": 1752182378,
        "narHash": "sha256-bKzsGh+1AWSpL2Q2/0FKgNchTJOmYpQH2BS9dCyKXaI=",
        "owner": "rust-lang",
        "repo": "rust-analyzer",
        "rev": "e2c8cefa63bd4cafb66978867c0f1ec2ba14bb03",
        "type": "github"
      },
      "original": {
        "owner": "rust-lang",
        "ref": "nightly",
        "repo": "rust-analyzer",
        "type": "github"
      }
    }
  },
  "root": "root",
  "version": 7
}
